
Microsoft Visual Studio Solution File, Format Version 12.00
# Visual Studio Version 17
VisualStudioVersion = 17.5.002.0
MinimumVisualStudioVersion = 10.0.40219.1
Project("{9A19103F-16F7-4668-BE54-9A1E7A4F7556}") = "Replay", "Replay.csproj", "{5AAB43B1-E03B-4318-9219-94A4010BD72D}"
EndProject
Global
	GlobalSection(SolutionConfigurationPlatforms) = preSolution
		Debug|Any CPU = Debug|Any CPU
		Release|Any CPU = Release|Any CPU
	EndGlobalSection
	GlobalSection(ProjectConfigurationPlatforms) = postSolution
		{5AAB43B1-E03B-4318-9219-94A4010BD72D}.Debug|Any CPU.ActiveCfg = Debug|Any CPU
		{5AAB43B1-E03B-4318-9219-94A4010BD72D}.Debug|Any CPU.Build.0 = Debug|Any CPU
		{5AAB43B1-E03B-4318-9219-94A4010BD72D}.Release|Any CPU.ActiveCfg = Release|Any CPU
		{5AAB43B1-E03B-4318-9219-94A4010BD72D}.Release|Any CPU.Build.0 = Release|Any CPU
	EndGlobalSection
	GlobalSection(SolutionProperties) = preSolution
		HideSolutionNode = FALSE
	EndGlobalSection
	GlobalSection(ExtensibilityGlobals) = postSolution
		SolutionGuid = {ED161C50-3EFB-40C5-AAD1-94C787CED9F9}
	EndGlobalSection
EndGlobal
