
Microsoft Visual Studio Solution File, Format Version 12.00
# Visual Studio Version 17
VisualStudioVersion = 17.0.31903.59
MinimumVisualStudioVersion = 10.0.40219.1
Project("{FAE04EC0-301F-11D3-BF4B-00C04F79EFBC}") = "Replay", "Replay\Replay.csproj", "{C870C1D5-7441-45F6-AC37-8C8CD2BA7DD5}"
EndProject
Project("{FAE04EC0-301F-11D3-BF4B-00C04F79EFBC}") = "Replay.UnitTests", "Replay.UnitTests\Replay.UnitTests.csproj", "{104D50F0-8881-491F-9C41-F6BA59A64DCE}"
EndProject
Project("{FAE04EC0-301F-11D3-BF4B-00C04F79EFBC}") = "Replay.FrontendTests", "Replay.FrontendTests\Replay.FrontendTests.csproj", "{ED7F580E-7701-4431-95E6-B2AF2F972CD6}"
EndProject
Global
	GlobalSection(SolutionConfigurationPlatforms) = preSolution
		Debug|Any CPU = Debug|Any CPU
		Release|Any CPU = Release|Any CPU
	EndGlobalSection
	GlobalSection(SolutionProperties) = preSolution
		HideSolutionNode = FALSE
	EndGlobalSection
	GlobalSection(ProjectConfigurationPlatforms) = postSolution
		{C870C1D5-7441-45F6-AC37-8C8CD2BA7DD5}.Debug|Any CPU.ActiveCfg = Debug|Any CPU
		{C870C1D5-7441-45F6-AC37-8C8CD2BA7DD5}.Debug|Any CPU.Build.0 = Debug|Any CPU
		{C870C1D5-7441-45F6-AC37-8C8CD2BA7DD5}.Release|Any CPU.ActiveCfg = Release|Any CPU
		{C870C1D5-7441-45F6-AC37-8C8CD2BA7DD5}.Release|Any CPU.Build.0 = Release|Any CPU
		{104D50F0-8881-491F-9C41-F6BA59A64DCE}.Debug|Any CPU.ActiveCfg = Debug|Any CPU
		{104D50F0-8881-491F-9C41-F6BA59A64DCE}.Debug|Any CPU.Build.0 = Debug|Any CPU
		{104D50F0-8881-491F-9C41-F6BA59A64DCE}.Release|Any CPU.ActiveCfg = Release|Any CPU
		{104D50F0-8881-491F-9C41-F6BA59A64DCE}.Release|Any CPU.Build.0 = Release|Any CPU
		{ED7F580E-7701-4431-95E6-B2AF2F972CD6}.Debug|Any CPU.ActiveCfg = Debug|Any CPU
		{ED7F580E-7701-4431-95E6-B2AF2F972CD6}.Debug|Any CPU.Build.0 = Debug|Any CPU
		{ED7F580E-7701-4431-95E6-B2AF2F972CD6}.Release|Any CPU.ActiveCfg = Release|Any CPU
		{ED7F580E-7701-4431-95E6-B2AF2F972CD6}.Release|Any CPU.Build.0 = Release|Any CPU
	EndGlobalSection
EndGlobal
